<?xml version="1.0" encoding="utf-8"?>
<Project ToolsVersion="4.0" xmlns="http://schemas.microsoft.com/developer/msbuild/2003">
  <ItemGroup>
    <Filter Include="Model">
      <UniqueIdentifier>{c4f2cb35-6dd8-4fce-9cb6-df8fb0383dfd}</UniqueIdentifier>
    </Filter>
    <Filter Include="View">
      <UniqueIdentifier>{f321151f-d1a9-4a23-ab82-3288abada9a2}</UniqueIdentifier>
    </Filter>
    <Filter Include="Controller">
      <UniqueIdentifier>{7368c19a-9c53-4f36-80a1-22835b0003f7}</UniqueIdentifier>
    </Filter>
    <Filter Include="Resources">
      <UniqueIdentifier>{20995ae3-5164-42b6-a27a-ac7d32a17967}</UniqueIdentifier>
    </Filter>
    <Filter Include="Resources\DXERR">
      <UniqueIdentifier>{ef3bcaed-73a5-4faa-a13d-3e1eb1ae77fa}</UniqueIdentifier>
    </Filter>
    <Filter Include="Resources\Shaders">
      <UniqueIdentifier>{e9fd7ec9-1f9b-4f2b-a015-b46fc430507f}</UniqueIdentifier>
    </Filter>
    <Filter Include="Model\Entity">
      <UniqueIdentifier>{a56ce593-499a-4d2f-855e-aeb36bcf6e86}</UniqueIdentifier>
    </Filter>
    <Filter Include="Controller\DXUtil">
      <UniqueIdentifier>{5d64132e-cd74-424e-a6a6-b52293835bce}</UniqueIdentifier>
    </Filter>
    <Filter Include="View\DXApp">
      <UniqueIdentifier>{184e3d74-d394-4ae9-9614-1a684d0f0893}</UniqueIdentifier>
    </Filter>
    <Filter Include="Model\RenderController">
      <UniqueIdentifier>{ce6d4705-443a-4894-ac60-960ae88b9db1}</UniqueIdentifier>
    </Filter>
  </ItemGroup>
  <ItemGroup>
    <ClCompile Include="DXERR\dxerr.cpp">
      <Filter>Resources\DXERR</Filter>
    </ClCompile>
    <ClCompile Include="Entity.cpp">
      <Filter>Model\Entity</Filter>
    </ClCompile>
    <ClCompile Include="Hello_DirectX11.cpp">
      <Filter>Controller</Filter>
    </ClCompile>
    <ClCompile Include="DXUtil.cpp">
      <Filter>Controller\DXUtil</Filter>
    </ClCompile>
    <ClCompile Include="DXApp.cpp">
      <Filter>View\DXApp</Filter>
    </ClCompile>
    <ClCompile Include="RenderController.cpp">
      <Filter>Model\RenderController</Filter>
    </ClCompile>
  </ItemGroup>
  <ItemGroup>
    <ClInclude Include="DXERR\dxerr.h">
      <Filter>Resources\DXERR</Filter>
    </ClInclude>
    <ClInclude Include="Entity.h">
      <Filter>Model\Entity</Filter>
    </ClInclude>
    <ClInclude Include="DXUtil.h">
      <Filter>Controller\DXUtil</Filter>
    </ClInclude>
    <ClInclude Include="DXApp.h">
      <Filter>View\DXApp</Filter>
    </ClInclude>
    <ClInclude Include="RenderController.h">
      <Filter>Model\RenderController</Filter>
    </ClInclude>
  </ItemGroup>
  <ItemGroup>
    <FxCompile Include="shaders.hlsl">
      <Filter>Resources\Shaders</Filter>
    </FxCompile>
  </ItemGroup>
</Project>